{
  "name": "node_view",
  "version": "1.0.0",
  "lockfileVersion": 1,
  "requires": true,
  "dependencies": {
    "@types/node": {
      "version": "12.6.8",
      "resolved": "https://artifactory.global.square/artifactory/api/npm/square-npm/@types/node/-/node-12.6.8.tgz",
      "integrity": "sha1-5Gm0v50cmDKu5JB7qKBRSUNXwSw=",
      "dev": true
    },
    "@types/vis": {
      "version": "4.21.18",
      "resolved": "https://artifactory.global.square/artifactory/api/npm/square-npm/@types/vis/-/vis-4.21.18.tgz",
      "integrity": "sha1-NSMUBfsxX8BaqHw+5BQYr8UmeJw=",
      "requires": {
        "moment": ">=2.13.0"
      }
    },
    "emitter-component": {
      "version": "1.1.1",
      "resolved": "https://artifactory.global.square/artifactory/api/npm/square-npm/emitter-component/-/emitter-component-1.1.1.tgz",
      "integrity": "sha1-Bl4tvtaVm/RwZ57avq95gdEAOrY="
    },
    "hammerjs": {
      "version": "2.0.8",
      "resolved": "https://artifactory.global.square/artifactory/api/npm/square-npm/hammerjs/-/hammerjs-2.0.8.tgz",
      "integrity": "sha1-BO93hiz/K7edMPdpIJWTAiK/YPE="
    },
    "keycharm": {
      "version": "0.2.0",
      "resolved": "https://artifactory.global.square/artifactory/api/npm/square-npm/keycharm/-/keycharm-0.2.0.tgz",
      "integrity": "sha1-+m6i5DuQpoAohD0n8gddNajD5vk="
    },
    "moment": {
      "version": "2.24.0",
      "resolved": "https://artifactory.global.square/artifactory/api/npm/square-npm/moment/-/moment-2.24.0.tgz",
      "integrity": "sha1-DQVdU/UFKqZTyfbraLtdEr9cK1s="
    },
    "propagating-hammerjs": {
      "version": "1.4.6",
      "resolved": "https://artifactory.global.square/artifactory/api/npm/square-npm/propagating-hammerjs/-/propagating-hammerjs-1.4.6.tgz",
      "integrity": "sha1-/tAOmwB2f/1C0U9bUxvEk+tnLjc=",
      "requires": {
        "hammerjs": "^2.0.6"
      }
    },
    "timsort": {
      "version": "0.3.0",
      "resolved": "https://artifactory.global.square/artifactory/api/npm/square-npm/timsort/-/timsort-0.3.0.tgz",
      "integrity": "sha1-QFQRqOfmM5/mTbmiNN4R3DHgK9Q="
    },
    "typescript": {
      "version": "3.5.3",
      "resolved": "https://artifactory.global.square/artifactory/api/npm/square-npm/typescript/-/typescript-3.5.3.tgz",
      "integrity": "sha1-yDD2V/k/HqhGgZ6SkJL1/lmD6Xc=",
      "dev": true
    },
    "vis-data": {
      "version": "6.1.1",
      "resolved": "https://artifactory.global.square/artifactory/api/npm/square-npm/vis-data/-/vis-data-6.1.1.tgz",
      "integrity": "sha1-8DbqvVCJzwJ1Pi5Xl/pY3+y7okQ=",
      "requires": {
        "vis-util": "^1.1.0"
      }
    },
    "vis-network": {
      "version": "5.0.0",
      "resolved": "https://artifactory.global.square/artifactory/api/npm/square-npm/vis-network/-/vis-network-5.0.0.tgz",
      "integrity": "sha1-HgNq8fF7ZLN87WYuNbl4IAAoxJI=",
      "requires": {
        "emitter-component": "^1.1.1",
        "hammerjs": "^2.0.8",
        "keycharm": "^0.2.0",
        "moment": "^2.20.1",
        "propagating-hammerjs": "^1.4.6",
        "timsort": "^0.3.0",
        "vis-data": "^6.1.0",
        "vis-util": "^1.1.1"
      }
    },
    "vis-util": {
      "version": "1.1.1",
      "resolved": "https://artifactory.global.square/artifactory/api/npm/square-npm/vis-util/-/vis-util-1.1.1.tgz",
      "integrity": "sha1-3/Wp5fDCkh4+39ZtzMSAkecQzQQ=",
      "requires": {
        "moment": "^2.24.0",
        "vis-uuid": "^1.0.2"
      }
    },
    "vis-uuid": {
      "version": "1.1.2",
      "resolved": "https://artifactory.global.square/artifactory/api/npm/square-npm/vis-uuid/-/vis-uuid-1.1.2.tgz",
      "integrity": "sha1-SVx5piwweKXU2YVyGXk930mqQOk="
    }
  }
}
