{
  "name": "hello_nodees",
  "version": "1.0.0",
  "lockfileVersion": 1,
  "requires": true,
  "dependencies": {
    "@types/node": {
      "version": "12.6.8",
      "resolved": "https://artifactory.global.square/artifactory/api/npm/square-npm/@types/node/-/node-12.6.8.tgz",
      "integrity": "sha1-5Gm0v50cmDKu5JB7qKBRSUNXwSw=",
      "dev": true
    },
    "@types/vis": {
      "version": "4.21.18",
      "resolved": "https://artifactory.global.square/artifactory/api/npm/square-npm/@types/vis/-/vis-4.21.18.tgz",
      "integrity": "sha1-NSMUBfsxX8BaqHw+5BQYr8UmeJw=",
      "requires": {
        "moment": ">=2.13.0"
      }
    },
    "clustermuck": {
      "version": "file:../..",
      "requires": {
        "@kubernetes/client-node": "^0.10.2",
        "@types/shelljs": "^0.8.5",
        "@types/vis": "^4.21.17",
        "electron-bus": "^0.1.0",
        "electron-tabs": "^0.9.5",
        "install": "^0.12.2",
        "shelljs": "^0.8.3",
        "vis": "^4.21.0"
      },
      "dependencies": {
        "@kubernetes/client-node": {
          "version": "0.10.2",
          "bundled": true,
          "requires": {
            "@types/js-yaml": "^3.12.1",
            "@types/node": "^10.12.0",
            "@types/request": "^2.47.1",
            "@types/underscore": "^1.8.9",
            "@types/ws": "^6.0.1",
            "isomorphic-ws": "^4.0.1",
            "js-yaml": "^3.13.1",
            "json-stream": "^1.0.0",
            "jsonpath-plus": "^0.19.0",
            "request": "^2.88.0",
            "shelljs": "^0.8.2",
            "tslib": "^1.9.3",
            "underscore": "^1.9.1",
            "ws": "^6.1.0"
          },
          "dependencies": {
            "js-yaml": {
              "version": "3.13.1",
              "bundled": true,
              "requires": {
                "argparse": "^1.0.7",
                "esprima": "^4.0.0"
              }
            },
            "tslib": {
              "version": "1.10.0",
              "bundled": true
            }
          }
        },
        "@types/caseless": {
          "version": "0.12.2",
          "bundled": true
        },
        "@types/events": {
          "version": "3.0.0",
          "bundled": true
        },
        "@types/glob": {
          "version": "7.1.1",
          "bundled": true,
          "requires": {
            "@types/events": "*",
            "@types/minimatch": "*",
            "@types/node": "*"
          }
        },
        "@types/js-yaml": {
          "version": "3.12.1",
          "bundled": true
        },
        "@types/minimatch": {
          "version": "3.0.3",
          "bundled": true
        },
        "@types/node": {
          "version": "10.14.10",
          "bundled": true
        },
        "@types/request": {
          "version": "2.48.2",
          "bundled": true,
          "requires": {
            "@types/caseless": "*",
            "@types/node": "*",
            "@types/tough-cookie": "*",
            "form-data": "^2.5.0"
          },
          "dependencies": {
            "form-data": {
              "version": "2.5.0",
              "bundled": true,
              "requires": {
                "asynckit": "^0.4.0",
                "combined-stream": "^1.0.6",
                "mime-types": "^2.1.12"
              }
            }
          }
        },
        "@types/shelljs": {
          "version": "0.8.5",
          "bundled": true,
          "requires": {
            "@types/glob": "*",
            "@types/node": "*"
          }
        },
        "@types/tough-cookie": {
          "version": "2.3.5",
          "bundled": true
        },
        "@types/underscore": {
          "version": "1.9.2",
          "bundled": true
        },
        "@types/vis": {
          "version": "4.21.17",
          "bundled": true,
          "requires": {
            "moment": ">=2.13.0"
          }
        },
        "@types/ws": {
          "version": "6.0.1",
          "bundled": true,
          "requires": {
            "@types/events": "*",
            "@types/node": "*"
          }
        },
        "ajv": {
          "version": "6.10.0",
          "bundled": true,
          "requires": {
            "fast-deep-equal": "^2.0.1",
            "fast-json-stable-stringify": "^2.0.0",
            "json-schema-traverse": "^0.4.1",
            "uri-js": "^4.2.2"
          }
        },
        "ansi-regex": {
          "version": "2.1.1",
          "bundled": true
        },
        "ansi-styles": {
          "version": "2.2.1",
          "bundled": true
        },
        "argparse": {
          "version": "1.0.9",
          "bundled": true,
          "requires": {
            "sprintf-js": "~1.0.2"
          }
        },
        "array-find-index": {
          "version": "1.0.2",
          "bundled": true
        },
        "asn1": {
          "version": "0.2.3",
          "bundled": true
        },
        "assert-plus": {
          "version": "1.0.0",
          "bundled": true
        },
        "async-limiter": {
          "version": "1.0.0",
          "bundled": true
        },
        "asynckit": {
          "version": "0.4.0",
          "bundled": true
        },
        "aws-sign2": {
          "version": "0.7.0",
          "bundled": true
        },
        "aws4": {
          "version": "1.8.0",
          "bundled": true
        },
        "babel-code-frame": {
          "version": "6.26.0",
          "bundled": true,
          "requires": {
            "chalk": "^1.1.3",
            "esutils": "^2.0.2",
            "js-tokens": "^3.0.2"
          },
          "dependencies": {
            "chalk": {
              "version": "1.1.3",
              "bundled": true,
              "requires": {
                "ansi-styles": "^2.2.1",
                "escape-string-regexp": "^1.0.2",
                "has-ansi": "^2.0.0",
                "strip-ansi": "^3.0.0",
                "supports-color": "^2.0.0"
              }
            }
          }
        },
        "balanced-match": {
          "version": "1.0.0",
          "bundled": true
        },
        "bcrypt-pbkdf": {
          "version": "1.0.1",
          "bundled": true,
          "optional": true,
          "requires": {
            "tweetnacl": "^0.14.3"
          }
        },
        "brace-expansion": {
          "version": "1.1.8",
          "bundled": true,
          "requires": {
            "balanced-match": "^1.0.0",
            "concat-map": "0.0.1"
          }
        },
        "buffer-from": {
          "version": "1.1.1",
          "bundled": true
        },
        "builtin-modules": {
          "version": "1.1.1",
          "bundled": true
        },
        "camelcase": {
          "version": "2.1.1",
          "bundled": true
        },
        "camelcase-keys": {
          "version": "2.1.0",
          "bundled": true,
          "requires": {
            "camelcase": "^2.0.0",
            "map-obj": "^1.0.0"
          }
        },
        "caseless": {
          "version": "0.12.0",
          "bundled": true
        },
        "chalk": {
          "version": "2.3.0",
          "bundled": true,
          "requires": {
            "ansi-styles": "^3.1.0",
            "escape-string-regexp": "^1.0.5",
            "supports-color": "^4.0.0"
          },
          "dependencies": {
            "ansi-styles": {
              "version": "3.2.0",
              "bundled": true,
              "requires": {
                "color-convert": "^1.9.0"
              }
            },
            "supports-color": {
              "version": "4.5.0",
              "bundled": true,
              "requires": {
                "has-flag": "^2.0.0"
              }
            }
          }
        },
        "code-point-at": {
          "version": "1.1.0",
          "bundled": true
        },
        "color-convert": {
          "version": "1.9.1",
          "bundled": true,
          "requires": {
            "color-name": "^1.1.1"
          }
        },
        "color-name": {
          "version": "1.1.3",
          "bundled": true
        },
        "combined-stream": {
          "version": "1.0.6",
          "bundled": true,
          "requires": {
            "delayed-stream": "~1.0.0"
          }
        },
        "commander": {
          "version": "2.13.0",
          "bundled": true
        },
        "concat-map": {
          "version": "0.0.1",
          "bundled": true
        },
        "concat-stream": {
          "version": "1.6.2",
          "bundled": true,
          "requires": {
            "buffer-from": "^1.0.0",
            "inherits": "^2.0.3",
            "readable-stream": "^2.2.2",
            "typedarray": "^0.0.6"
          },
          "dependencies": {
            "isarray": {
              "version": "1.0.0",
              "bundled": true
            },
            "readable-stream": {
              "version": "2.3.6",
              "bundled": true,
              "requires": {
                "core-util-is": "~1.0.0",
                "inherits": "~2.0.3",
                "isarray": "~1.0.0",
                "process-nextick-args": "~2.0.0",
                "safe-buffer": "~5.1.1",
                "string_decoder": "~1.1.1",
                "util-deprecate": "~1.0.1"
              }
            },
            "string_decoder": {
              "version": "1.1.1",
              "bundled": true,
              "requires": {
                "safe-buffer": "~5.1.0"
              }
            }
          }
        },
        "core-util-is": {
          "version": "1.0.2",
          "bundled": true
        },
        "currently-unhandled": {
          "version": "0.4.1",
          "bundled": true,
          "requires": {
            "array-find-index": "^1.0.1"
          }
        },
        "dashdash": {
          "version": "1.14.1",
          "bundled": true,
          "requires": {
            "assert-plus": "^1.0.0"
          }
        },
        "debug": {
          "version": "3.2.6",
          "bundled": true,
          "requires": {
            "ms": "^2.1.1"
          }
        },
        "decamelize": {
          "version": "1.2.0",
          "bundled": true
        },
        "deep-extend": {
          "version": "0.6.0",
          "bundled": true
        },
        "delayed-stream": {
          "version": "1.0.0",
          "bundled": true
        },
        "diff": {
          "version": "3.4.0",
          "bundled": true
        },
        "ecc-jsbn": {
          "version": "0.1.1",
          "bundled": true,
          "optional": true,
          "requires": {
            "jsbn": "~0.1.0"
          }
        },
        "electron": {
          "version": "5.0.4",
          "bundled": true,
          "requires": {
            "@types/node": "^10.12.18",
            "electron-download": "^4.1.0",
            "extract-zip": "^1.0.3"
          },
          "dependencies": {
            "@types/node": {
              "version": "10.14.9",
              "bundled": true
            }
          }
        },
        "electron-bus": {
          "version": "0.1.0",
          "bundled": true,
          "requires": {
            "lodash.clonedeep": "^4.5.0"
          }
        },
        "electron-download": {
          "version": "4.1.1",
          "bundled": true,
          "requires": {
            "debug": "^3.0.0",
            "env-paths": "^1.0.0",
            "fs-extra": "^4.0.1",
            "minimist": "^1.2.0",
            "nugget": "^2.0.1",
            "path-exists": "^3.0.0",
            "rc": "^1.2.1",
            "semver": "^5.4.1",
            "sumchecker": "^2.0.2"
          }
        },
        "electron-tabs": {
          "version": "0.9.5",
          "bundled": true
        },
        "emitter-component": {
          "version": "1.1.1",
          "bundled": true
        },
        "env-paths": {
          "version": "1.0.0",
          "bundled": true
        },
        "error-ex": {
          "version": "1.3.2",
          "bundled": true,
          "requires": {
            "is-arrayish": "^0.2.1"
          }
        },
        "escape-string-regexp": {
          "version": "1.0.5",
          "bundled": true
        },
        "esprima": {
          "version": "4.0.0",
          "bundled": true
        },
        "esutils": {
          "version": "2.0.2",
          "bundled": true
        },
        "extend": {
          "version": "3.0.2",
          "bundled": true
        },
        "extract-zip": {
          "version": "1.6.7",
          "bundled": true,
          "requires": {
            "concat-stream": "1.6.2",
            "debug": "2.6.9",
            "mkdirp": "0.5.1",
            "yauzl": "2.4.1"
          },
          "dependencies": {
            "debug": {
              "version": "2.6.9",
              "bundled": true,
              "requires": {
                "ms": "2.0.0"
              }
            },
            "ms": {
              "version": "2.0.0",
              "bundled": true
            }
          }
        },
        "extsprintf": {
          "version": "1.3.0",
          "bundled": true
        },
        "fast-deep-equal": {
          "version": "2.0.1",
          "bundled": true
        },
        "fast-json-stable-stringify": {
          "version": "2.0.0",
          "bundled": true
        },
        "fd-slicer": {
          "version": "1.0.1",
          "bundled": true,
          "requires": {
            "pend": "~1.2.0"
          }
        },
        "find-up": {
          "version": "1.1.2",
          "bundled": true,
          "requires": {
            "path-exists": "^2.0.0",
            "pinkie-promise": "^2.0.0"
          },
          "dependencies": {
            "path-exists": {
              "version": "2.1.0",
              "bundled": true,
              "requires": {
                "pinkie-promise": "^2.0.0"
              }
            }
          }
        },
        "forever-agent": {
          "version": "0.6.1",
          "bundled": true
        },
        "form-data": {
          "version": "2.3.2",
          "bundled": true,
          "requires": {
            "asynckit": "^0.4.0",
            "combined-stream": "1.0.6",
            "mime-types": "^2.1.12"
          }
        },
        "fs-extra": {
          "version": "4.0.3",
          "bundled": true,
          "requires": {
            "graceful-fs": "^4.1.2",
            "jsonfile": "^4.0.0",
            "universalify": "^0.1.0"
          }
        },
        "fs.realpath": {
          "version": "1.0.0",
          "bundled": true
        },
        "get-stdin": {
          "version": "4.0.1",
          "bundled": true
        },
        "getpass": {
          "version": "0.1.7",
          "bundled": true,
          "requires": {
            "assert-plus": "^1.0.0"
          }
        },
        "glob": {
          "version": "7.1.2",
          "bundled": true,
          "requires": {
            "fs.realpath": "^1.0.0",
            "inflight": "^1.0.4",
            "inherits": "2",
            "minimatch": "^3.0.4",
            "once": "^1.3.0",
            "path-is-absolute": "^1.0.0"
          }
        },
        "graceful-fs": {
          "version": "4.1.15",
          "bundled": true
        },
        "hammerjs": {
          "version": "2.0.8",
          "bundled": true
        },
        "har-schema": {
          "version": "2.0.0",
          "bundled": true
        },
        "har-validator": {
          "version": "5.1.3",
          "bundled": true,
          "requires": {
            "ajv": "^6.5.5",
            "har-schema": "^2.0.0"
          }
        },
        "has-ansi": {
          "version": "2.0.0",
          "bundled": true,
          "requires": {
            "ansi-regex": "^2.0.0"
          }
        },
        "has-flag": {
          "version": "2.0.0",
          "bundled": true
        },
        "hosted-git-info": {
          "version": "2.7.1",
          "bundled": true
        },
        "http-signature": {
          "version": "1.2.0",
          "bundled": true,
          "requires": {
            "assert-plus": "^1.0.0",
            "jsprim": "^1.2.2",
            "sshpk": "^1.7.0"
          }
        },
        "indent-string": {
          "version": "2.1.0",
          "bundled": true,
          "requires": {
            "repeating": "^2.0.0"
          }
        },
        "inflight": {
          "version": "1.0.6",
          "bundled": true,
          "requires": {
            "once": "^1.3.0",
            "wrappy": "1"
          }
        },
        "inherits": {
          "version": "2.0.3",
          "bundled": true
        },
        "ini": {
          "version": "1.3.5",
          "bundled": true
        },
        "install": {
          "version": "0.12.2",
          "bundled": true
        },
        "interpret": {
          "version": "1.2.0",
          "bundled": true
        },
        "is-arrayish": {
          "version": "0.2.1",
          "bundled": true
        },
        "is-finite": {
          "version": "1.0.2",
          "bundled": true,
          "requires": {
            "number-is-nan": "^1.0.0"
          }
        },
        "is-fullwidth-code-point": {
          "version": "1.0.0",
          "bundled": true,
          "requires": {
            "number-is-nan": "^1.0.0"
          }
        },
        "is-typedarray": {
          "version": "1.0.0",
          "bundled": true
        },
        "is-utf8": {
          "version": "0.2.1",
          "bundled": true
        },
        "isarray": {
          "version": "0.0.1",
          "bundled": true
        },
        "isomorphic-ws": {
          "version": "4.0.1",
          "bundled": true
        },
        "isstream": {
          "version": "0.1.2",
          "bundled": true
        },
        "js-tokens": {
          "version": "3.0.2",
          "bundled": true
        },
        "js-yaml": {
          "version": "3.10.0",
          "bundled": true,
          "requires": {
            "argparse": "^1.0.7",
            "esprima": "^4.0.0"
          }
        },
        "jsbn": {
          "version": "0.1.1",
          "bundled": true,
          "optional": true
        },
        "json-schema": {
          "version": "0.2.3",
          "bundled": true
        },
        "json-schema-traverse": {
          "version": "0.4.1",
          "bundled": true
        },
        "json-stream": {
          "version": "1.0.0",
          "bundled": true
        },
        "json-stringify-safe": {
          "version": "5.0.1",
          "bundled": true
        },
        "jsonfile": {
          "version": "4.0.0",
          "bundled": true,
          "requires": {
            "graceful-fs": "^4.1.6"
          }
        },
        "jsonpath-plus": {
          "version": "0.19.0",
          "bundled": true
        },
        "jsprim": {
          "version": "1.4.1",
          "bundled": true,
          "requires": {
            "assert-plus": "1.0.0",
            "extsprintf": "1.3.0",
            "json-schema": "0.2.3",
            "verror": "1.10.0"
          }
        },
        "keycharm": {
          "version": "0.2.0",
          "bundled": true
        },
        "load-json-file": {
          "version": "1.1.0",
          "bundled": true,
          "requires": {
            "graceful-fs": "^4.1.2",
            "parse-json": "^2.2.0",
            "pify": "^2.0.0",
            "pinkie-promise": "^2.0.0",
            "strip-bom": "^2.0.0"
          }
        },
        "lodash.clonedeep": {
          "version": "4.5.0",
          "bundled": true
        },
        "loud-rejection": {
          "version": "1.6.0",
          "bundled": true,
          "requires": {
            "currently-unhandled": "^0.4.1",
            "signal-exit": "^3.0.0"
          }
        },
        "map-obj": {
          "version": "1.0.1",
          "bundled": true
        },
        "meow": {
          "version": "3.7.0",
          "bundled": true,
          "requires": {
            "camelcase-keys": "^2.0.0",
            "decamelize": "^1.1.2",
            "loud-rejection": "^1.0.0",
            "map-obj": "^1.0.1",
            "minimist": "^1.1.3",
            "normalize-package-data": "^2.3.4",
            "object-assign": "^4.0.1",
            "read-pkg-up": "^1.0.1",
            "redent": "^1.0.0",
            "trim-newlines": "^1.0.0"
          }
        },
        "mime-db": {
          "version": "1.33.0",
          "bundled": true
        },
        "mime-types": {
          "version": "2.1.18",
          "bundled": true,
          "requires": {
            "mime-db": "~1.33.0"
          }
        },
        "minimatch": {
          "version": "3.0.4",
          "bundled": true,
          "requires": {
            "brace-expansion": "^1.1.7"
          }
        },
        "minimist": {
          "version": "1.2.0",
          "bundled": true
        },
        "mkdirp": {
          "version": "0.5.1",
          "bundled": true,
          "requires": {
            "minimist": "0.0.8"
          },
          "dependencies": {
            "minimist": {
              "version": "0.0.8",
              "bundled": true
            }
          }
        },
        "moment": {
          "version": "2.24.0",
          "bundled": true
        },
        "ms": {
          "version": "2.1.2",
          "bundled": true
        },
        "normalize-package-data": {
          "version": "2.5.0",
          "bundled": true,
          "requires": {
            "hosted-git-info": "^2.1.4",
            "resolve": "^1.10.0",
            "semver": "2 || 3 || 4 || 5",
            "validate-npm-package-license": "^3.0.1"
          },
          "dependencies": {
            "path-parse": {
              "version": "1.0.6",
              "bundled": true
            },
            "resolve": {
              "version": "1.11.0",
              "bundled": true,
              "requires": {
                "path-parse": "^1.0.6"
              }
            }
          }
        },
        "nugget": {
          "version": "2.0.1",
          "bundled": true,
          "requires": {
            "debug": "^2.1.3",
            "minimist": "^1.1.0",
            "pretty-bytes": "^1.0.2",
            "progress-stream": "^1.1.0",
            "request": "^2.45.0",
            "single-line-log": "^1.1.2",
            "throttleit": "0.0.2"
          },
          "dependencies": {
            "debug": {
              "version": "2.6.9",
              "bundled": true,
              "requires": {
                "ms": "2.0.0"
              }
            },
            "ms": {
              "version": "2.0.0",
              "bundled": true
            }
          }
        },
        "number-is-nan": {
          "version": "1.0.1",
          "bundled": true
        },
        "oauth-sign": {
          "version": "0.9.0",
          "bundled": true
        },
        "object-assign": {
          "version": "4.1.1",
          "bundled": true
        },
        "object-keys": {
          "version": "0.4.0",
          "bundled": true
        },
        "once": {
          "version": "1.4.0",
          "bundled": true,
          "requires": {
            "wrappy": "1"
          }
        },
        "parse-json": {
          "version": "2.2.0",
          "bundled": true,
          "requires": {
            "error-ex": "^1.2.0"
          }
        },
        "path-exists": {
          "version": "3.0.0",
          "bundled": true
        },
        "path-is-absolute": {
          "version": "1.0.1",
          "bundled": true
        },
        "path-parse": {
          "version": "1.0.5",
          "bundled": true
        },
        "path-type": {
          "version": "1.1.0",
          "bundled": true,
          "requires": {
            "graceful-fs": "^4.1.2",
            "pify": "^2.0.0",
            "pinkie-promise": "^2.0.0"
          }
        },
        "pend": {
          "version": "1.2.0",
          "bundled": true
        },
        "performance-now": {
          "version": "2.1.0",
          "bundled": true
        },
        "pify": {
          "version": "2.3.0",
          "bundled": true
        },
        "pinkie": {
          "version": "2.0.5",
          "bundled": true
        },
        "pinkie-promise": {
          "version": "2.0.2",
          "bundled": true,
          "requires": {
            "pinkie": "^2.0.0"
          }
        },
        "pretty-bytes": {
          "version": "1.0.4",
          "bundled": true,
          "requires": {
            "get-stdin": "^4.0.1",
            "meow": "^3.1.0"
          }
        },
        "process-nextick-args": {
          "version": "2.0.1",
          "bundled": true
        },
        "progress-stream": {
          "version": "1.2.0",
          "bundled": true,
          "requires": {
            "speedometer": "~0.1.2",
            "through2": "~0.2.3"
          }
        },
        "propagating-hammerjs": {
          "version": "1.4.6",
          "bundled": true,
          "requires": {
            "hammerjs": "^2.0.6"
          }
        },
        "psl": {
          "version": "1.1.33",
          "bundled": true
        },
        "punycode": {
          "version": "1.4.1",
          "bundled": true
        },
        "qs": {
          "version": "6.5.2",
          "bundled": true
        },
        "rc": {
          "version": "1.2.8",
          "bundled": true,
          "requires": {
            "deep-extend": "^0.6.0",
            "ini": "~1.3.0",
            "minimist": "^1.2.0",
            "strip-json-comments": "~2.0.1"
          }
        },
        "read-pkg": {
          "version": "1.1.0",
          "bundled": true,
          "requires": {
            "load-json-file": "^1.0.0",
            "normalize-package-data": "^2.3.2",
            "path-type": "^1.0.0"
          }
        },
        "read-pkg-up": {
          "version": "1.0.1",
          "bundled": true,
          "requires": {
            "find-up": "^1.0.0",
            "read-pkg": "^1.0.0"
          }
        },
        "readable-stream": {
          "version": "1.1.14",
          "bundled": true,
          "requires": {
            "core-util-is": "~1.0.0",
            "inherits": "~2.0.1",
            "isarray": "0.0.1",
            "string_decoder": "~0.10.x"
          }
        },
        "rechoir": {
          "version": "0.6.2",
          "bundled": true,
          "requires": {
            "resolve": "^1.1.6"
          }
        },
        "redent": {
          "version": "1.0.0",
          "bundled": true,
          "requires": {
            "indent-string": "^2.1.0",
            "strip-indent": "^1.0.1"
          }
        },
        "repeating": {
          "version": "2.0.1",
          "bundled": true,
          "requires": {
            "is-finite": "^1.0.0"
          }
        },
        "request": {
          "version": "2.88.0",
          "bundled": true,
          "requires": {
            "aws-sign2": "~0.7.0",
            "aws4": "^1.8.0",
            "caseless": "~0.12.0",
            "combined-stream": "~1.0.6",
            "extend": "~3.0.2",
            "forever-agent": "~0.6.1",
            "form-data": "~2.3.2",
            "har-validator": "~5.1.0",
            "http-signature": "~1.2.0",
            "is-typedarray": "~1.0.0",
            "isstream": "~0.1.2",
            "json-stringify-safe": "~5.0.1",
            "mime-types": "~2.1.19",
            "oauth-sign": "~0.9.0",
            "performance-now": "^2.1.0",
            "qs": "~6.5.2",
            "safe-buffer": "^5.1.2",
            "tough-cookie": "~2.4.3",
            "tunnel-agent": "^0.6.0",
            "uuid": "^3.3.2"
          },
          "dependencies": {
            "mime-db": {
              "version": "1.40.0",
              "bundled": true
            },
            "mime-types": {
              "version": "2.1.24",
              "bundled": true,
              "requires": {
                "mime-db": "1.40.0"
              }
            },
            "safe-buffer": {
              "version": "5.1.2",
              "bundled": true
            }
          }
        },
        "resolve": {
          "version": "1.5.0",
          "bundled": true,
          "requires": {
            "path-parse": "^1.0.5"
          }
        },
        "safe-buffer": {
          "version": "5.1.1",
          "bundled": true
        },
        "semver": {
          "version": "5.4.1",
          "bundled": true
        },
        "shelljs": {
          "version": "0.8.3",
          "bundled": true,
          "requires": {
            "glob": "^7.0.0",
            "interpret": "^1.0.0",
            "rechoir": "^0.6.2"
          }
        },
        "signal-exit": {
          "version": "3.0.2",
          "bundled": true
        },
        "single-line-log": {
          "version": "1.1.2",
          "bundled": true,
          "requires": {
            "string-width": "^1.0.1"
          }
        },
        "spdx-correct": {
          "version": "3.1.0",
          "bundled": true,
          "requires": {
            "spdx-expression-parse": "^3.0.0",
            "spdx-license-ids": "^3.0.0"
          }
        },
        "spdx-exceptions": {
          "version": "2.2.0",
          "bundled": true
        },
        "spdx-expression-parse": {
          "version": "3.0.0",
          "bundled": true,
          "requires": {
            "spdx-exceptions": "^2.1.0",
            "spdx-license-ids": "^3.0.0"
          }
        },
        "spdx-license-ids": {
          "version": "3.0.4",
          "bundled": true
        },
        "speedometer": {
          "version": "0.1.4",
          "bundled": true
        },
        "sprintf-js": {
          "version": "1.0.3",
          "bundled": true
        },
        "sshpk": {
          "version": "1.14.1",
          "bundled": true,
          "requires": {
            "asn1": "~0.2.3",
            "assert-plus": "^1.0.0",
            "bcrypt-pbkdf": "^1.0.0",
            "dashdash": "^1.12.0",
            "ecc-jsbn": "~0.1.1",
            "getpass": "^0.1.1",
            "jsbn": "~0.1.0",
            "tweetnacl": "~0.14.0"
          }
        },
        "string-width": {
          "version": "1.0.2",
          "bundled": true,
          "requires": {
            "code-point-at": "^1.0.0",
            "is-fullwidth-code-point": "^1.0.0",
            "strip-ansi": "^3.0.0"
          }
        },
        "string_decoder": {
          "version": "0.10.31",
          "bundled": true
        },
        "strip-ansi": {
          "version": "3.0.1",
          "bundled": true,
          "requires": {
            "ansi-regex": "^2.0.0"
          }
        },
        "strip-bom": {
          "version": "2.0.0",
          "bundled": true,
          "requires": {
            "is-utf8": "^0.2.0"
          }
        },
        "strip-indent": {
          "version": "1.0.1",
          "bundled": true,
          "requires": {
            "get-stdin": "^4.0.1"
          }
        },
        "strip-json-comments": {
          "version": "2.0.1",
          "bundled": true
        },
        "sumchecker": {
          "version": "2.0.2",
          "bundled": true,
          "requires": {
            "debug": "^2.2.0"
          },
          "dependencies": {
            "debug": {
              "version": "2.6.9",
              "bundled": true,
              "requires": {
                "ms": "2.0.0"
              }
            },
            "ms": {
              "version": "2.0.0",
              "bundled": true
            }
          }
        },
        "supports-color": {
          "version": "2.0.0",
          "bundled": true
        },
        "throttleit": {
          "version": "0.0.2",
          "bundled": true
        },
        "through2": {
          "version": "0.2.3",
          "bundled": true,
          "requires": {
            "readable-stream": "~1.1.9",
            "xtend": "~2.1.1"
          }
        },
        "tough-cookie": {
          "version": "2.4.3",
          "bundled": true,
          "requires": {
            "psl": "^1.1.24",
            "punycode": "^1.4.1"
          }
        },
        "trim-newlines": {
          "version": "1.0.0",
          "bundled": true
        },
        "tslib": {
          "version": "1.8.1",
          "bundled": true
        },
        "tslint": {
          "version": "5.10.0",
          "bundled": true,
          "requires": {
            "babel-code-frame": "^6.22.0",
            "builtin-modules": "^1.1.1",
            "chalk": "^2.3.0",
            "commander": "^2.12.1",
            "diff": "^3.2.0",
            "glob": "^7.1.1",
            "js-yaml": "^3.7.0",
            "minimatch": "^3.0.4",
            "resolve": "^1.3.2",
            "semver": "^5.3.0",
            "tslib": "^1.8.0",
            "tsutils": "^2.12.1"
          }
        },
        "tsutils": {
          "version": "2.16.0",
          "bundled": true,
          "requires": {
            "tslib": "^1.8.1"
          }
        },
        "tunnel-agent": {
          "version": "0.6.0",
          "bundled": true,
          "requires": {
            "safe-buffer": "^5.0.1"
          }
        },
        "tweetnacl": {
          "version": "0.14.5",
          "bundled": true,
          "optional": true
        },
        "typedarray": {
          "version": "0.0.6",
          "bundled": true
        },
        "underscore": {
          "version": "1.9.1",
          "bundled": true
        },
        "universalify": {
          "version": "0.1.2",
          "bundled": true
        },
        "uri-js": {
          "version": "4.2.2",
          "bundled": true,
          "requires": {
            "punycode": "^2.1.0"
          },
          "dependencies": {
            "punycode": {
              "version": "2.1.1",
              "bundled": true
            }
          }
        },
        "util-deprecate": {
          "version": "1.0.2",
          "bundled": true
        },
        "uuid": {
          "version": "3.3.2",
          "bundled": true
        },
        "validate-npm-package-license": {
          "version": "3.0.4",
          "bundled": true,
          "requires": {
            "spdx-correct": "^3.0.0",
            "spdx-expression-parse": "^3.0.0"
          }
        },
        "verror": {
          "version": "1.10.0",
          "bundled": true,
          "requires": {
            "assert-plus": "^1.0.0",
            "core-util-is": "1.0.2",
            "extsprintf": "^1.2.0"
          }
        },
        "vis": {
          "version": "4.21.0",
          "bundled": true,
          "requires": {
            "emitter-component": "^1.1.1",
            "hammerjs": "^2.0.8",
            "keycharm": "^0.2.0",
            "moment": "^2.18.1",
            "propagating-hammerjs": "^1.4.6"
          }
        },
        "wrappy": {
          "version": "1.0.2",
          "bundled": true
        },
        "ws": {
          "version": "6.2.1",
          "bundled": true,
          "requires": {
            "async-limiter": "~1.0.0"
          }
        },
        "xtend": {
          "version": "2.1.2",
          "bundled": true,
          "requires": {
            "object-keys": "~0.4.0"
          }
        },
        "yauzl": {
          "version": "2.4.1",
          "bundled": true,
          "requires": {
            "fd-slicer": "~1.0.1"
          }
        }
      }
    },
    "emitter-component": {
      "version": "1.1.1",
      "resolved": "https://artifactory.global.square/artifactory/api/npm/square-npm/emitter-component/-/emitter-component-1.1.1.tgz",
      "integrity": "sha1-Bl4tvtaVm/RwZ57avq95gdEAOrY="
    },
    "hammerjs": {
      "version": "2.0.8",
      "resolved": "https://artifactory.global.square/artifactory/api/npm/square-npm/hammerjs/-/hammerjs-2.0.8.tgz",
      "integrity": "sha1-BO93hiz/K7edMPdpIJWTAiK/YPE="
    },
    "keycharm": {
      "version": "0.2.0",
      "resolved": "https://artifactory.global.square/artifactory/api/npm/square-npm/keycharm/-/keycharm-0.2.0.tgz",
      "integrity": "sha1-+m6i5DuQpoAohD0n8gddNajD5vk="
    },
    "moment": {
      "version": "2.24.0",
      "resolved": "https://artifactory.global.square/artifactory/api/npm/square-npm/moment/-/moment-2.24.0.tgz",
      "integrity": "sha1-DQVdU/UFKqZTyfbraLtdEr9cK1s="
    },
    "propagating-hammerjs": {
      "version": "1.4.6",
      "resolved": "https://artifactory.global.square/artifactory/api/npm/square-npm/propagating-hammerjs/-/propagating-hammerjs-1.4.6.tgz",
      "integrity": "sha1-/tAOmwB2f/1C0U9bUxvEk+tnLjc=",
      "requires": {
        "hammerjs": "^2.0.6"
      }
    },
    "timsort": {
      "version": "0.3.0",
      "resolved": "https://artifactory.global.square/artifactory/api/npm/square-npm/timsort/-/timsort-0.3.0.tgz",
      "integrity": "sha1-QFQRqOfmM5/mTbmiNN4R3DHgK9Q="
    },
    "typescript": {
      "version": "3.5.3",
      "resolved": "https://artifactory.global.square/artifactory/api/npm/square-npm/typescript/-/typescript-3.5.3.tgz",
      "integrity": "sha1-yDD2V/k/HqhGgZ6SkJL1/lmD6Xc=",
      "dev": true
    },
    "vis-data": {
      "version": "6.1.1",
      "resolved": "https://artifactory.global.square/artifactory/api/npm/square-npm/vis-data/-/vis-data-6.1.1.tgz",
      "integrity": "sha1-8DbqvVCJzwJ1Pi5Xl/pY3+y7okQ=",
      "requires": {
        "vis-util": "^1.1.0"
      }
    },
    "vis-network": {
      "version": "5.0.0",
      "resolved": "https://artifactory.global.square/artifactory/api/npm/square-npm/vis-network/-/vis-network-5.0.0.tgz",
      "integrity": "sha1-HgNq8fF7ZLN87WYuNbl4IAAoxJI=",
      "requires": {
        "emitter-component": "^1.1.1",
        "hammerjs": "^2.0.8",
        "keycharm": "^0.2.0",
        "moment": "^2.20.1",
        "propagating-hammerjs": "^1.4.6",
        "timsort": "^0.3.0",
        "vis-data": "^6.1.0",
        "vis-util": "^1.1.1"
      }
    },
    "vis-util": {
      "version": "1.1.1",
      "resolved": "https://artifactory.global.square/artifactory/api/npm/square-npm/vis-util/-/vis-util-1.1.1.tgz",
      "integrity": "sha1-3/Wp5fDCkh4+39ZtzMSAkecQzQQ=",
      "requires": {
        "moment": "^2.24.0",
        "vis-uuid": "^1.0.2"
      }
    },
    "vis-uuid": {
      "version": "1.1.2",
      "resolved": "https://artifactory.global.square/artifactory/api/npm/square-npm/vis-uuid/-/vis-uuid-1.1.2.tgz",
      "integrity": "sha1-SVx5piwweKXU2YVyGXk930mqQOk="
    }
  }
}
